// !$*UTF8*$!
{
	archiveVersion = 1;
	classes = {
	};
	objectVersion = 56;
	objects = {

/* Begin PBXBuildFile section */
		9829C93829B91C3200156461 /* AppDelegate.swift in Sources */ = {isa = PBXBuildFile; fileRef = 9829C93729B91C3200156461 /* AppDelegate.swift */; };
		9829C93A29B91C3300156461 /* Assets.xcassets in Resources */ = {isa = PBXBuildFile; fileRef = 9829C93929B91C3300156461 /* Assets.xcassets */; };
		9829C93D29B91C3300156461 /* MainMenu.xib in Resources */ = {isa = PBXBuildFile; fileRef = 9829C93B29B91C3300156461 /* MainMenu.xib */; };
		9829C94529B91DB400156461 /* TimecodeView.swift in Sources */ = {isa = PBXBuildFile; fileRef = 9829C94429B91DB400156461 /* TimecodeView.swift */; };
		9829C94729B91E7100156461 /* SnoizeMIDI.framework in Frameworks */ = {isa = PBXBuildFile; fileRef = 9829C94629B91E7100156461 /* SnoizeMIDI.framework */; };
		9829C94929B91E7C00156461 /* MIDIReceiver.swift in Sources */ = {isa = PBXBuildFile; fileRef = 9829C94829B91E7C00156461 /* MIDIReceiver.swift */; };
		988A704A29B96E69002B835D /* SnoizeMIDI.framework in Copy Frameworks */ = {isa = PBXBuildFile; fileRef = 9829C94629B91E7100156461 /* SnoizeMIDI.framework */; settings = {ATTRIBUTES = (CodeSignOnCopy, RemoveHeadersOnCopy, ); }; };
		988A704C29B99433002B835D /* F53Timecode.swift in Sources */ = {isa = PBXBuildFile; fileRef = 988A704B29B99433002B835D /* F53Timecode.swift */; };
		988A704E29B9988E002B835D /* TimecodeAnalyzer.swift in Sources */ = {isa = PBXBuildFile; fileRef = 988A704D29B9988E002B835D /* TimecodeAnalyzer.swift */; };
/* End PBXBuildFile section */

/* Begin PBXCopyFilesBuildPhase section */
		9829C94A29B96E3900156461 /* Copy Frameworks */ = {
			isa = PBXCopyFilesBuildPhase;
			buildActionMask = 2147483647;
			dstPath = "";
			dstSubfolderSpec = 10;
			files = (
				988A704A29B96E69002B835D /* SnoizeMIDI.framework in Copy Frameworks */,
			);
			name = "Copy Frameworks";
			runOnlyForDeploymentPostprocessing = 0;
		};
/* End PBXCopyFilesBuildPhase section */

/* Begin PBXFileReference section */
		42426FBE2A3866C800D87E93 /* CocoaAsyncSocket.framework */ = {isa = PBXFileReference; explicitFileType = wrapper.framework; path = CocoaAsyncSocket.framework; sourceTree = BUILT_PRODUCTS_DIR; };
		42C7EBCE2A38B49B005E7730 /* CocoaAsyncSocket.framework */ = {isa = PBXFileReference; explicitFileType = wrapper.framework; path = CocoaAsyncSocket.framework; sourceTree = BUILT_PRODUCTS_DIR; };
		9829C93429B91C3200156461 /* Timecode Display.app */ = {isa = PBXFileReference; explicitFileType = wrapper.application; includeInIndex = 0; path = "Timecode Display.app"; sourceTree = BUILT_PRODUCTS_DIR; };
		9829C93729B91C3200156461 /* AppDelegate.swift */ = {isa = PBXFileReference; lastKnownFileType = sourcecode.swift; path = AppDelegate.swift; sourceTree = "<group>"; };
		9829C93929B91C3300156461 /* Assets.xcassets */ = {isa = PBXFileReference; lastKnownFileType = folder.assetcatalog; path = Assets.xcassets; sourceTree = "<group>"; };
		9829C93C29B91C3300156461 /* Base */ = {isa = PBXFileReference; lastKnownFileType = file.xib; name = Base; path = Base.lproj/MainMenu.xib; sourceTree = "<group>"; };
		9829C93E29B91C3300156461 /* Timecode_Display.entitlements */ = {isa = PBXFileReference; lastKnownFileType = text.plist.entitlements; path = Timecode_Display.entitlements; sourceTree = "<group>"; };
		9829C94429B91DB400156461 /* TimecodeView.swift */ = {isa = PBXFileReference; lastKnownFileType = sourcecode.swift; path = TimecodeView.swift; sourceTree = "<group>"; };
		9829C94629B91E7100156461 /* SnoizeMIDI.framework */ = {isa = PBXFileReference; lastKnownFileType = wrapper.framework; name = SnoizeMIDI.framework; path = third_party/SnoizeMIDI.framework; sourceTree = SOURCE_ROOT; };
		9829C94829B91E7C00156461 /* MIDIReceiver.swift */ = {isa = PBXFileReference; lastKnownFileType = sourcecode.swift; path = MIDIReceiver.swift; sourceTree = "<group>"; };
		988A704B29B99433002B835D /* F53Timecode.swift */ = {isa = PBXFileReference; lastKnownFileType = sourcecode.swift; path = F53Timecode.swift; sourceTree = "<group>"; };
		988A704D29B9988E002B835D /* TimecodeAnalyzer.swift */ = {isa = PBXFileReference; lastKnownFileType = sourcecode.swift; path = TimecodeAnalyzer.swift; sourceTree = "<group>"; };
/* End PBXFileReference section */

/* Begin PBXFrameworksBuildPhase section */
		9829C93129B91C3200156461 /* Frameworks */ = {
			isa = PBXFrameworksBuildPhase;
			buildActionMask = 2147483647;
			files = (
				9829C94729B91E7100156461 /* SnoizeMIDI.framework in Frameworks */,
			);
			runOnlyForDeploymentPostprocessing = 0;
		};
/* End PBXFrameworksBuildPhase section */

/* Begin PBXGroup section */
		85582DA569CC3830D32E1076 /* Pods */ = {
			isa = PBXGroup;
			children = (
			);
			path = Pods;
			sourceTree = "<group>";
		};
		9829C92B29B91C3200156461 = {
			isa = PBXGroup;
			children = (
				9829C93629B91C3200156461 /* Timecode Display */,
				9829C93529B91C3200156461 /* Products */,
				85582DA569CC3830D32E1076 /* Pods */,
				D7F912904332858EC72210C1 /* Frameworks */,
			);
			sourceTree = "<group>";
		};
		9829C93529B91C3200156461 /* Products */ = {
			isa = PBXGroup;
			children = (
				9829C93429B91C3200156461 /* Timecode Display.app */,
			);
			name = Products;
			sourceTree = "<group>";
		};
		9829C93629B91C3200156461 /* Timecode Display */ = {
			isa = PBXGroup;
			children = (
				9829C93729B91C3200156461 /* AppDelegate.swift */,
				9829C94429B91DB400156461 /* TimecodeView.swift */,
				9829C94829B91E7C00156461 /* MIDIReceiver.swift */,
				988A704B29B99433002B835D /* F53Timecode.swift */,
				988A704D29B9988E002B835D /* TimecodeAnalyzer.swift */,
				9829C93929B91C3300156461 /* Assets.xcassets */,
				9829C93B29B91C3300156461 /* MainMenu.xib */,
				9829C93E29B91C3300156461 /* Timecode_Display.entitlements */,
				9829C94629B91E7100156461 /* SnoizeMIDI.framework */,
			);
			path = "Timecode Display";
			sourceTree = "<group>";
		};
		D7F912904332858EC72210C1 /* Frameworks */ = {
			isa = PBXGroup;
			children = (
				42C7EBCE2A38B49B005E7730 /* CocoaAsyncSocket.framework */,
				42426FBE2A3866C800D87E93 /* CocoaAsyncSocket.framework */,
			);
			name = Frameworks;
			sourceTree = "<group>";
		};
/* End PBXGroup section */

/* Begin PBXNativeTarget section */
		9829C93329B91C3200156461 /* Timecode Display */ = {
			isa = PBXNativeTarget;
			buildConfigurationList = 9829C94129B91C3300156461 /* Build configuration list for PBXNativeTarget "Timecode Display" */;
			buildPhases = (
				9829C93029B91C3200156461 /* Sources */,
				9829C93129B91C3200156461 /* Frameworks */,
				9829C93229B91C3200156461 /* Resources */,
				9829C94A29B96E3900156461 /* Copy Frameworks */,
			);
			buildRules = (
			);
			dependencies = (
			);
			name = "Timecode Display";
			productName = "Timecode Display";
			productReference = 9829C93429B91C3200156461 /* Timecode Display.app */;
			productType = "com.apple.product-type.application";
		};
/* End PBXNativeTarget section */

/* Begin PBXProject section */
		9829C92C29B91C3200156461 /* Project object */ = {
			isa = PBXProject;
			attributes = {
				BuildIndependentTargetsInParallel = 1;
				LastSwiftUpdateCheck = 1410;
				LastUpgradeCheck = 1430;
				TargetAttributes = {
					9829C93329B91C3200156461 = {
						CreatedOnToolsVersion = 14.1;
					};
				};
			};
			buildConfigurationList = 9829C92F29B91C3200156461 /* Build configuration list for PBXProject "Timecode Display" */;
			compatibilityVersion = "Xcode 14.0";
			developmentRegion = en;
			hasScannedForEncodings = 0;
			knownRegions = (
				en,
				Base,
			);
			mainGroup = 9829C92B29B91C3200156461;
			productRefGroup = 9829C93529B91C3200156461 /* Products */;
			projectDirPath = "";
			projectRoot = "";
			targets = (
				9829C93329B91C3200156461 /* Timecode Display */,
			);
		};
/* End PBXProject section */

/* Begin PBXResourcesBuildPhase section */
		9829C93229B91C3200156461 /* Resources */ = {
			isa = PBXResourcesBuildPhase;
			buildActionMask = 2147483647;
			files = (
				9829C93A29B91C3300156461 /* Assets.xcassets in Resources */,
				9829C93D29B91C3300156461 /* MainMenu.xib in Resources */,
			);
			runOnlyForDeploymentPostprocessing = 0;
		};
/* End PBXResourcesBuildPhase section */

/* Begin PBXSourcesBuildPhase section */
		9829C93029B91C3200156461 /* Sources */ = {
			isa = PBXSourcesBuildPhase;
			buildActionMask = 2147483647;
			files = (
				988A704C29B99433002B835D /* F53Timecode.swift in Sources */,
				9829C94929B91E7C00156461 /* MIDIReceiver.swift in Sources */,
				988A704E29B9988E002B835D /* TimecodeAnalyzer.swift in Sources */,
				9829C94529B91DB400156461 /* TimecodeView.swift in Sources */,
				9829C93829B91C3200156461 /* AppDelegate.swift in Sources */,
			);
			runOnlyForDeploymentPostprocessing = 0;
		};
/* End PBXSourcesBuildPhase section */

/* Begin PBXVariantGroup section */
		9829C93B29B91C3300156461 /* MainMenu.xib */ = {
			isa = PBXVariantGroup;
			children = (
				9829C93C29B91C3300156461 /* Base */,
			);
			name = MainMenu.xib;
			sourceTree = "<group>";
		};
/* End PBXVariantGroup section */

/* Begin XCBuildConfiguration section */
		9829C93F29B91C3300156461 /* Debug */ = {
			isa = XCBuildConfiguration;
			buildSettings = {
				ALWAYS_SEARCH_USER_PATHS = NO;
				CLANG_ANALYZER_NONNULL = YES;
				CLANG_ANALYZER_NUMBER_OBJECT_CONVERSION = YES_AGGRESSIVE;
				CLANG_CXX_LANGUAGE_STANDARD = "gnu++20";
				CLANG_ENABLE_MODULES = YES;
				CLANG_ENABLE_OBJC_ARC = YES;
				CLANG_ENABLE_OBJC_WEAK = YES;
				CLANG_WARN_BLOCK_CAPTURE_AUTORELEASING = YES;
				CLANG_WARN_BOOL_CONVERSION = YES;
				CLANG_WARN_COMMA = YES;
				CLANG_WARN_CONSTANT_CONVERSION = YES;
				CLANG_WARN_DEPRECATED_OBJC_IMPLEMENTATIONS = YES;
				CLANG_WARN_DIRECT_OBJC_ISA_USAGE = YES_ERROR;
				CLANG_WARN_DOCUMENTATION_COMMENTS = YES;
				CLANG_WARN_EMPTY_BODY = YES;
				CLANG_WARN_ENUM_CONVERSION = YES;
				CLANG_WARN_INFINITE_RECURSION = YES;
				CLANG_WARN_INT_CONVERSION = YES;
				CLANG_WARN_NON_LITERAL_NULL_CONVERSION = YES;
				CLANG_WARN_OBJC_IMPLICIT_RETAIN_SELF = YES;
				CLANG_WARN_OBJC_LITERAL_CONVERSION = YES;
				CLANG_WARN_OBJC_ROOT_CLASS = YES_ERROR;
				CLANG_WARN_QUOTED_INCLUDE_IN_FRAMEWORK_HEADER = YES;
				CLANG_WARN_RANGE_LOOP_ANALYSIS = YES;
				CLANG_WARN_STRICT_PROTOTYPES = YES;
				CLANG_WARN_SUSPICIOUS_MOVE = YES;
				CLANG_WARN_UNGUARDED_AVAILABILITY = YES_AGGRESSIVE;
				CLANG_WARN_UNREACHABLE_CODE = YES;
				CLANG_WARN__DUPLICATE_METHOD_MATCH = YES;
				COPY_PHASE_STRIP = NO;
				DEAD_CODE_STRIPPING = YES;
				DEBUG_INFORMATION_FORMAT = dwarf;
				ENABLE_STRICT_OBJC_MSGSEND = YES;
				ENABLE_TESTABILITY = YES;
				GCC_C_LANGUAGE_STANDARD = gnu11;
				GCC_DYNAMIC_NO_PIC = NO;
				GCC_NO_COMMON_BLOCKS = YES;
				GCC_OPTIMIZATION_LEVEL = 0;
				GCC_PREPROCESSOR_DEFINITIONS = (
					"DEBUG=1",
					"$(inherited)",
				);
				GCC_WARN_64_TO_32_BIT_CONVERSION = YES;
				GCC_WARN_ABOUT_RETURN_TYPE = YES_ERROR;
				GCC_WARN_UNDECLARED_SELECTOR = YES;
				GCC_WARN_UNINITIALIZED_AUTOS = YES_AGGRESSIVE;
				GCC_WARN_UNUSED_FUNCTION = YES;
				GCC_WARN_UNUSED_VARIABLE = YES;
				MACOSX_DEPLOYMENT_TARGET = 13.0;
				MTL_ENABLE_DEBUG_INFO = INCLUDE_SOURCE;
				MTL_FAST_MATH = YES;
				ONLY_ACTIVE_ARCH = YES;
				SDKROOT = macosx;
				SWIFT_ACTIVE_COMPILATION_CONDITIONS = DEBUG;
				SWIFT_OPTIMIZATION_LEVEL = "-Onone";
			};
			name = Debug;
		};
		9829C94029B91C3300156461 /* Release */ = {
			isa = XCBuildConfiguration;
			buildSettings = {
				ALWAYS_SEARCH_USER_PATHS = NO;
				CLANG_ANALYZER_NONNULL = YES;
				CLANG_ANALYZER_NUMBER_OBJECT_CONVERSION = YES_AGGRESSIVE;
				CLANG_CXX_LANGUAGE_STANDARD = "gnu++20";
				CLANG_ENABLE_MODULES = YES;
				CLANG_ENABLE_OBJC_ARC = YES;
				CLANG_ENABLE_OBJC_WEAK = YES;
				CLANG_WARN_BLOCK_CAPTURE_AUTORELEASING = YES;
				CLANG_WARN_BOOL_CONVERSION = YES;
				CLANG_WARN_COMMA = YES;
				CLANG_WARN_CONSTANT_CONVERSION = YES;
				CLANG_WARN_DEPRECATED_OBJC_IMPLEMENTATIONS = YES;
				CLANG_WARN_DIRECT_OBJC_ISA_USAGE = YES_ERROR;
				CLANG_WARN_DOCUMENTATION_COMMENTS = YES;
				CLANG_WARN_EMPTY_BODY = YES;
				CLANG_WARN_ENUM_CONVERSION = YES;
				CLANG_WARN_INFINITE_RECURSION = YES;
				CLANG_WARN_INT_CONVERSION = YES;
				CLANG_WARN_NON_LITERAL_NULL_CONVERSION = YES;
				CLANG_WARN_OBJC_IMPLICIT_RETAIN_SELF = YES;
				CLANG_WARN_OBJC_LITERAL_CONVERSION = YES;
				CLANG_WARN_OBJC_ROOT_CLASS = YES_ERROR;
				CLANG_WARN_QUOTED_INCLUDE_IN_FRAMEWORK_HEADER = YES;
				CLANG_WARN_RANGE_LOOP_ANALYSIS = YES;
				CLANG_WARN_STRICT_PROTOTYPES = YES;
				CLANG_WARN_SUSPICIOUS_MOVE = YES;
				CLANG_WARN_UNGUARDED_AVAILABILITY = YES_AGGRESSIVE;
				CLANG_WARN_UNREACHABLE_CODE = YES;
				CLANG_WARN__DUPLICATE_METHOD_MATCH = YES;
				COPY_PHASE_STRIP = NO;
				DEAD_CODE_STRIPPING = YES;
				DEBUG_INFORMATION_FORMAT = "dwarf-with-dsym";
				ENABLE_NS_ASSERTIONS = NO;
				ENABLE_STRICT_OBJC_MSGSEND = YES;
				GCC_C_LANGUAGE_STANDARD = gnu11;
				GCC_NO_COMMON_BLOCKS = YES;
				GCC_WARN_64_TO_32_BIT_CONVERSION = YES;
				GCC_WARN_ABOUT_RETURN_TYPE = YES_ERROR;
				GCC_WARN_UNDECLARED_SELECTOR = YES;
				GCC_WARN_UNINITIALIZED_AUTOS = YES_AGGRESSIVE;
				GCC_WARN_UNUSED_FUNCTION = YES;
				GCC_WARN_UNUSED_VARIABLE = YES;
				MACOSX_DEPLOYMENT_TARGET = 13.0;
				MTL_ENABLE_DEBUG_INFO = NO;
				MTL_FAST_MATH = YES;
				SDKROOT = macosx;
				SWIFT_COMPILATION_MODE = wholemodule;
				SWIFT_OPTIMIZATION_LEVEL = "-O";
			};
			name = Release;
		};
		9829C94229B91C3300156461 /* Debug */ = {
			isa = XCBuildConfiguration;
			buildSettings = {
				ASSETCATALOG_COMPILER_APPICON_NAME = AppIcon;
				ASSETCATALOG_COMPILER_GLOBAL_ACCENT_COLOR_NAME = AccentColor;
				CODE_SIGN_ENTITLEMENTS = "Timecode Display/Timecode_Display.entitlements";
				CODE_SIGN_IDENTITY = "Apple Development";
				"CODE_SIGN_IDENTITY[sdk=macosx*]" = "Apple Development";
				CODE_SIGN_STYLE = Automatic;
				COMBINE_HIDPI_IMAGES = YES;
				CURRENT_PROJECT_VERSION = 19999;
				DEAD_CODE_STRIPPING = YES;
				DEVELOPMENT_TEAM = 4KB97DBP5J;
				ENABLE_HARDENED_RUNTIME = YES;
				FRAMEWORK_SEARCH_PATHS = (
					"$(inherited)",
					"$(PROJECT_DIR)/third_party",
				);
				GENERATE_INFOPLIST_FILE = YES;
				INFOPLIST_KEY_NSHumanReadableCopyright = "";
				INFOPLIST_KEY_NSMainNibFile = MainMenu;
				INFOPLIST_KEY_NSPrincipalClass = NSApplication;
				LD_RUNPATH_SEARCH_PATHS = (
					"$(inherited)",
					"@executable_path/../Frameworks",
				);
				MACOSX_DEPLOYMENT_TARGET = "$(RECOMMENDED_MACOSX_DEPLOYMENT_TARGET)";
				MARKETING_VERSION = 2.0;
				PRODUCT_BUNDLE_IDENTIFIER = "com.figure53.Timecode-Display";
				PRODUCT_NAME = "$(TARGET_NAME)";
				PROVISIONING_PROFILE_SPECIFIER = "";
				SWIFT_EMIT_LOC_STRINGS = YES;
				SWIFT_VERSION = 5.0;
			};
			name = Debug;
		};
		9829C94329B91C3300156461 /* Release */ = {
			isa = XCBuildConfiguration;
			buildSettings = {
				ASSETCATALOG_COMPILER_APPICON_NAME = AppIcon;
				ASSETCATALOG_COMPILER_GLOBAL_ACCENT_COLOR_NAME = AccentColor;
				CODE_SIGN_ENTITLEMENTS = "Timecode Display/Timecode_Display.entitlements";
				CODE_SIGN_IDENTITY = "Apple Development";
				"CODE_SIGN_IDENTITY[sdk=macosx*]" = "Apple Development";
				CODE_SIGN_STYLE = Automatic;
				COMBINE_HIDPI_IMAGES = YES;
				CURRENT_PROJECT_VERSION = 19999;
				DEAD_CODE_STRIPPING = YES;
				DEVELOPMENT_TEAM = 4KB97DBP5J;
				ENABLE_HARDENED_RUNTIME = YES;
				FRAMEWORK_SEARCH_PATHS = (
					"$(inherited)",
					"$(PROJECT_DIR)/third_party",
				);
				GENERATE_INFOPLIST_FILE = YES;
				INFOPLIST_KEY_NSHumanReadableCopyright = "";
				INFOPLIST_KEY_NSMainNibFile = MainMenu;
				INFOPLIST_KEY_NSPrincipalClass = NSApplication;
				LD_RUNPATH_SEARCH_PATHS = (
					"$(inherited)",
					"@executable_path/../Frameworks",
				);
				MACOSX_DEPLOYMENT_TARGET = "$(RECOMMENDED_MACOSX_DEPLOYMENT_TARGET)";
				MARKETING_VERSION = 2.0;
				PRODUCT_BUNDLE_IDENTIFIER = "com.figure53.Timecode-Display";
				PRODUCT_NAME = "$(TARGET_NAME)";
				PROVISIONING_PROFILE_SPECIFIER = "";
				SWIFT_EMIT_LOC_STRINGS = YES;
				SWIFT_VERSION = 5.0;
			};
			name = Release;
		};
/* End XCBuildConfiguration section */

/* Begin XCConfigurationList section */
		9829C92F29B91C3200156461 /* Build configuration list for PBXProject "Timecode Display" */ = {
			isa = XCConfigurationList;
			buildConfigurations = (
				9829C93F29B91C3300156461 /* Debug */,
				9829C94029B91C3300156461 /* Release */,
			);
			defaultConfigurationIsVisible = 0;
			defaultConfigurationName = Release;
		};
		9829C94129B91C3300156461 /* Build configuration list for PBXNativeTarget "Timecode Display" */ = {
			isa = XCConfigurationList;
			buildConfigurations = (
				9829C94229B91C3300156461 /* Debug */,
				9829C94329B91C3300156461 /* Release */,
			);
			defaultConfigurationIsVisible = 0;
			defaultConfigurationName = Release;
		};
/* End XCConfigurationList section */
	};
	rootObject = 9829C92C29B91C3200156461 /* Project object */;
}
